
Microsoft Visual Studio Solution File, Format Version 12.00
# Visual Studio Version 16
VisualStudioVersion = 16.0.34729.46
MinimumVisualStudioVersion = 10.0.40219.1
Project("{FAE04EC0-301F-11D3-BF4B-00C04F79EFBC}") = "SumaSbyte", "SumaSbyte\SumaSbyte.csproj", "{4932F370-CC87-4E4C-9F3E-FA97D4037DF8}"
EndProject
Global
	GlobalSection(SolutionConfigurationPlatforms) = preSolution
		Debug|Any CPU = Debug|Any CPU
		Release|Any CPU = Release|Any CPU
	EndGlobalSection
	GlobalSection(ProjectConfigurationPlatforms) = postSolution
		{4932F370-CC87-4E4C-9F3E-FA97D4037DF8}.Debug|Any CPU.ActiveCfg = Debug|Any CPU
		{4932F370-CC87-4E4C-9F3E-FA97D4037DF8}.Debug|Any CPU.Build.0 = Debug|Any CPU
		{4932F370-CC87-4E4C-9F3E-FA97D4037DF8}.Release|Any CPU.ActiveCfg = Release|Any CPU
		{4932F370-CC87-4E4C-9F3E-FA97D4037DF8}.Release|Any CPU.Build.0 = Release|Any CPU
	EndGlobalSection
	GlobalSection(SolutionProperties) = preSolution
		HideSolutionNode = FALSE
	EndGlobalSection
	GlobalSection(ExtensibilityGlobals) = postSolution
		SolutionGuid = {F346F8C3-7913-47F5-8638-2F0ED91AA670}
	EndGlobalSection
EndGlobal
