
Microsoft Visual Studio Solution File, Format Version 12.00
# Visual Studio Version 17
VisualStudioVersion = 17.11.35222.181
MinimumVisualStudioVersion = 10.0.40219.1
Project("{FAE04EC0-301F-11D3-BF4B-00C04F79EFBC}") = "clientes", "clientes\clientes.csproj", "{87971196-F372-40F2-8695-127F9959D395}"
EndProject
Global
	GlobalSection(SolutionConfigurationPlatforms) = preSolution
		Debug|Any CPU = Debug|Any CPU
		Release|Any CPU = Release|Any CPU
	EndGlobalSection
	GlobalSection(ProjectConfigurationPlatforms) = postSolution
		{87971196-F372-40F2-8695-127F9959D395}.Debug|Any CPU.ActiveCfg = Debug|Any CPU
		{87971196-F372-40F2-8695-127F9959D395}.Debug|Any CPU.Build.0 = Debug|Any CPU
		{87971196-F372-40F2-8695-127F9959D395}.Release|Any CPU.ActiveCfg = Release|Any CPU
		{87971196-F372-40F2-8695-127F9959D395}.Release|Any CPU.Build.0 = Release|Any CPU
	EndGlobalSection
	GlobalSection(SolutionProperties) = preSolution
		HideSolutionNode = FALSE
	EndGlobalSection
	GlobalSection(ExtensibilityGlobals) = postSolution
		SolutionGuid = {6296AF0B-645B-43E4-83AA-977CE50A2256}
	EndGlobalSection
EndGlobal
