
Microsoft Visual Studio Solution File, Format Version 12.00
# Visual Studio Version 17
VisualStudioVersion = 17.11.35222.181
MinimumVisualStudioVersion = 10.0.40219.1
Project("{FAE04EC0-301F-11D3-BF4B-00C04F79EFBC}") = "Peliculas", "Peliculas\Peliculas.csproj", "{4F4C6EEA-E4D1-45DB-80A9-2A1502BEE052}"
EndProject
Global
	GlobalSection(SolutionConfigurationPlatforms) = preSolution
		Debug|Any CPU = Debug|Any CPU
		Release|Any CPU = Release|Any CPU
	EndGlobalSection
	GlobalSection(ProjectConfigurationPlatforms) = postSolution
		{4F4C6EEA-E4D1-45DB-80A9-2A1502BEE052}.Debug|Any CPU.ActiveCfg = Debug|Any CPU
		{4F4C6EEA-E4D1-45DB-80A9-2A1502BEE052}.Debug|Any CPU.Build.0 = Debug|Any CPU
		{4F4C6EEA-E4D1-45DB-80A9-2A1502BEE052}.Release|Any CPU.ActiveCfg = Release|Any CPU
		{4F4C6EEA-E4D1-45DB-80A9-2A1502BEE052}.Release|Any CPU.Build.0 = Release|Any CPU
	EndGlobalSection
	GlobalSection(SolutionProperties) = preSolution
		HideSolutionNode = FALSE
	EndGlobalSection
	GlobalSection(ExtensibilityGlobals) = postSolution
		SolutionGuid = {45A6B919-B3C5-4360-B1A2-B9A2F7C0D84D}
	EndGlobalSection
EndGlobal
